
Microsoft Visual Studio Solution File, Format Version 12.00
# Visual Studio Version 17
VisualStudioVersion = 17.3.32929.385
MinimumVisualStudioVersion = 10.0.40219.1
Project("{FAE04EC0-301F-11D3-BF4B-00C04F79EFBC}") = "DigitalTwinFramework", "DigitalTwinFramework.csproj", "{FB70A000-76C2-474D-A52E-2FDFEF050788}"
EndProject
Global
	GlobalSection(SolutionConfigurationPlatforms) = preSolution
		Debug|Any CPU = Debug|Any CPU
		Release|Any CPU = Release|Any CPU
	EndGlobalSection
	GlobalSection(ProjectConfigurationPlatforms) = postSolution
		{FB70A000-76C2-474D-A52E-2FDFEF050788}.Debug|Any CPU.ActiveCfg = Debug|Any CPU
		{FB70A000-76C2-474D-A52E-2FDFEF050788}.Debug|Any CPU.Build.0 = Debug|Any CPU
		{FB70A000-76C2-474D-A52E-2FDFEF050788}.Release|Any CPU.ActiveCfg = Release|Any CPU
		{FB70A000-76C2-474D-A52E-2FDFEF050788}.Release|Any CPU.Build.0 = Release|Any CPU
	EndGlobalSection
	GlobalSection(SolutionProperties) = preSolution
		HideSolutionNode = FALSE
	EndGlobalSection
	GlobalSection(ExtensibilityGlobals) = postSolution
		SolutionGuid = {FC8F18DB-F0E5-4C61-BC64-39A985C77FB4}
	EndGlobalSection
EndGlobal
